
Microsoft Visual Studio Solution File, Format Version 12.00
# Visual Studio Version 17
VisualStudioVersion = 17.13.35825.156 d17.13
MinimumVisualStudioVersion = 10.0.40219.1
Project("{FAE04EC0-301F-11D3-BF4B-00C04F79EFBC}") = "Proyecto", "Proyecto.csproj", "{4615499B-9C80-44EF-843F-1F3481CB5256}"
EndProject
Global
	GlobalSection(SolutionConfigurationPlatforms) = preSolution
		Debug|Any CPU = Debug|Any CPU
		Release|Any CPU = Release|Any CPU
	EndGlobalSection
	GlobalSection(ProjectConfigurationPlatforms) = postSolution
		{4615499B-9C80-44EF-843F-1F3481CB5256}.Debug|Any CPU.ActiveCfg = Debug|Any CPU
		{4615499B-9C80-44EF-843F-1F3481CB5256}.Debug|Any CPU.Build.0 = Debug|Any CPU
		{4615499B-9C80-44EF-843F-1F3481CB5256}.Release|Any CPU.ActiveCfg = Release|Any CPU
		{4615499B-9C80-44EF-843F-1F3481CB5256}.Release|Any CPU.Build.0 = Release|Any CPU
	EndGlobalSection
	GlobalSection(SolutionProperties) = preSolution
		HideSolutionNode = FALSE
	EndGlobalSection
	GlobalSection(ExtensibilityGlobals) = postSolution
		SolutionGuid = {0B71E518-AC95-432B-954F-A5709353D0E1}
	EndGlobalSection
EndGlobal
